// !$*UTF8*$!
{
	archiveVersion = 1;
	classes = {
	};
	objectVersion = 77;
	objects = {

/* Begin PBXBuildFile section */
		FE9B04262EC0C67A0054398A /* Assets.xcassets in Resources */ = {isa = PBXBuildFile; fileRef = FE9B041C2EC0C67A0054398A /* Assets.xcassets */; };
		FE9B04282EC0C67A0054398A /* LaunchScreen.storyboard in Resources */ = {isa = PBXBuildFile; fileRef = FE9B041F2EC0C67A0054398A /* LaunchScreen.storyboard */; };
		FE9B04E92EC48C260054398A /* WeekDay.swift in Sources */ = {isa = PBXBuildFile; fileRef = FE9B04E52EC488150054398A /* WeekDay.swift */; };
		FE9B04EA2EC48C260054398A /* Tracker.swift in Sources */ = {isa = PBXBuildFile; fileRef = FE9B04E62EC4884B0054398A /* Tracker.swift */; };
		FE9B04EB2EC48C260054398A /* TrackerCategory.swift in Sources */ = {isa = PBXBuildFile; fileRef = FE9B04E72EC488650054398A /* TrackerCategory.swift */; };
		FE9B04EC2EC48C260054398A /* TrackerRecord.swift in Sources */ = {isa = PBXBuildFile; fileRef = FE9B04E82EC488910054398A /* TrackerRecord.swift */; };
		FE9B05122ECE11820054398A /* Colors.swift in Sources */ = {isa = PBXBuildFile; fileRef = FE9B05112ECE11770054398A /* Colors.swift */; };
		FE9B05292ED18C4A0054398A /* IntExtention.swift in Sources */ = {isa = PBXBuildFile; fileRef = FE9B05102ECDF19C0054398A /* IntExtention.swift */; };
		FE9B05932ED93F6A0054398A /* Date.swift in Sources */ = {isa = PBXBuildFile; fileRef = FE9B05922ED93F670054398A /* Date.swift */; };
		FEF8FDF12EB87ED600BB20F8 /* AppDelegate.swift in Sources */ = {isa = PBXBuildFile; fileRef = FEF8FDE82EB87ED600BB20F8 /* AppDelegate.swift */; };
		FEF8FDF22EB87ED600BB20F8 /* SceneDelegate.swift in Sources */ = {isa = PBXBuildFile; fileRef = FEF8FDED2EB87ED600BB20F8 /* SceneDelegate.swift */; };
/* End PBXBuildFile section */

/* Begin PBXFileReference section */
		FE9B041C2EC0C67A0054398A /* Assets.xcassets */ = {isa = PBXFileReference; lastKnownFileType = folder.assetcatalog; path = Assets.xcassets; sourceTree = "<group>"; };
		FE9B041D2EC0C67A0054398A /* Info.plist */ = {isa = PBXFileReference; lastKnownFileType = text.plist.xml; path = Info.plist; sourceTree = "<group>"; };
		FE9B041E2EC0C67A0054398A /* Base */ = {isa = PBXFileReference; lastKnownFileType = file.storyboard; name = Base; path = Base.lproj/LaunchScreen.storyboard; sourceTree = "<group>"; };
		FE9B04E52EC488150054398A /* WeekDay.swift */ = {isa = PBXFileReference; lastKnownFileType = sourcecode.swift; path = WeekDay.swift; sourceTree = "<group>"; };
		FE9B04E62EC4884B0054398A /* Tracker.swift */ = {isa = PBXFileReference; lastKnownFileType = sourcecode.swift; path = Tracker.swift; sourceTree = "<group>"; };
		FE9B04E72EC488650054398A /* TrackerCategory.swift */ = {isa = PBXFileReference; lastKnownFileType = sourcecode.swift; path = TrackerCategory.swift; sourceTree = "<group>"; };
		FE9B04E82EC488910054398A /* TrackerRecord.swift */ = {isa = PBXFileReference; lastKnownFileType = sourcecode.swift; path = TrackerRecord.swift; sourceTree = "<group>"; };
		FE9B05102ECDF19C0054398A /* IntExtention.swift */ = {isa = PBXFileReference; lastKnownFileType = sourcecode.swift; path = IntExtention.swift; sourceTree = "<group>"; };
		FE9B05112ECE11770054398A /* Colors.swift */ = {isa = PBXFileReference; lastKnownFileType = sourcecode.swift; path = Colors.swift; sourceTree = "<group>"; };
		FE9B05922ED93F670054398A /* Date.swift */ = {isa = PBXFileReference; lastKnownFileType = sourcecode.swift; path = Date.swift; sourceTree = "<group>"; };
		FEF8FDBA2EB771EB00BB20F8 /* Tracker.app */ = {isa = PBXFileReference; explicitFileType = wrapper.application; includeInIndex = 0; path = Tracker.app; sourceTree = BUILT_PRODUCTS_DIR; };
		FEF8FDE82EB87ED600BB20F8 /* AppDelegate.swift */ = {isa = PBXFileReference; lastKnownFileType = sourcecode.swift; path = AppDelegate.swift; sourceTree = "<group>"; };
		FEF8FDED2EB87ED600BB20F8 /* SceneDelegate.swift */ = {isa = PBXFileReference; lastKnownFileType = sourcecode.swift; path = SceneDelegate.swift; sourceTree = "<group>"; };
/* End PBXFileReference section */

/* Begin PBXFileSystemSynchronizedRootGroup section */
		FE9B04362EC0C7330054398A /* Scence */ = {
			isa = PBXFileSystemSynchronizedRootGroup;
			path = Scence;
			sourceTree = "<group>";
		};
		FE9B04622EC10FB80054398A /* Components */ = {
			isa = PBXFileSystemSynchronizedRootGroup;
			path = Components;
			sourceTree = "<group>";
		};
/* End PBXFileSystemSynchronizedRootGroup section */

/* Begin PBXFrameworksBuildPhase section */
		FEF8FDB72EB771EB00BB20F8 /* Frameworks */ = {
			isa = PBXFrameworksBuildPhase;
			buildActionMask = 2147483647;
			files = (
			);
			runOnlyForDeploymentPostprocessing = 0;
		};
/* End PBXFrameworksBuildPhase section */

/* Begin PBXGroup section */
		FE9B04442EC0CBFC0054398A /* Resources */ = {
			isa = PBXGroup;
			children = (
				FE9B041C2EC0C67A0054398A /* Assets.xcassets */,
				FE9B041D2EC0C67A0054398A /* Info.plist */,
				FE9B041F2EC0C67A0054398A /* LaunchScreen.storyboard */,
			);
			path = Resources;
			sourceTree = "<group>";
		};
		FE9B04D62EC487CE0054398A /* Models  */ = {
			isa = PBXGroup;
			children = (
				FE9B05112ECE11770054398A /* Colors.swift */,
				FE9B04E52EC488150054398A /* WeekDay.swift */,
				FE9B04E62EC4884B0054398A /* Tracker.swift */,
				FE9B04E72EC488650054398A /* TrackerCategory.swift */,
				FE9B04E82EC488910054398A /* TrackerRecord.swift */,
			);
			path = "Models ";
			sourceTree = "<group>";
		};
		FE9B050C2ECDB2250054398A /* Extension */ = {
			isa = PBXGroup;
			children = (
				FE9B05922ED93F670054398A /* Date.swift */,
				FE9B05102ECDF19C0054398A /* IntExtention.swift */,
			);
			path = Extension;
			sourceTree = "<group>";
		};
		FEF8FDB12EB771EB00BB20F8 = {
			isa = PBXGroup;
			children = (
				FEF8FDBB2EB771EB00BB20F8 /* Products */,
				FE9B04D62EC487CE0054398A /* Models  */,
				FE9B04622EC10FB80054398A /* Components */,
				FE9B04442EC0CBFC0054398A /* Resources */,
				FE9B04362EC0C7330054398A /* Scence */,
				FEF8FDE82EB87ED600BB20F8 /* AppDelegate.swift */,
				FEF8FDED2EB87ED600BB20F8 /* SceneDelegate.swift */,
				FE9B050C2ECDB2250054398A /* Extension */,
			);
			sourceTree = "<group>";
		};
		FEF8FDBB2EB771EB00BB20F8 /* Products */ = {
			isa = PBXGroup;
			children = (
				FEF8FDBA2EB771EB00BB20F8 /* Tracker.app */,
			);
			name = Products;
			sourceTree = "<group>";
		};
/* End PBXGroup section */

/* Begin PBXNativeTarget section */
		FEF8FDB92EB771EB00BB20F8 /* Tracker */ = {
			isa = PBXNativeTarget;
			buildConfigurationList = FEF8FDCD2EB771EE00BB20F8 /* Build configuration list for PBXNativeTarget "Tracker" */;
			buildPhases = (
				FEF8FDB62EB771EB00BB20F8 /* Sources */,
				FEF8FDB72EB771EB00BB20F8 /* Frameworks */,
				FEF8FDB82EB771EB00BB20F8 /* Resources */,
			);
			buildRules = (
			);
			dependencies = (
			);
			fileSystemSynchronizedGroups = (
				FE9B04362EC0C7330054398A /* Scence */,
				FE9B04622EC10FB80054398A /* Components */,
			);
			name = Tracker;
			packageProductDependencies = (
			);
			productName = Tracker;
			productReference = FEF8FDBA2EB771EB00BB20F8 /* Tracker.app */;
			productType = "com.apple.product-type.application";
		};
/* End PBXNativeTarget section */

/* Begin PBXProject section */
		FEF8FDB22EB771EB00BB20F8 /* Project object */ = {
			isa = PBXProject;
			attributes = {
				BuildIndependentTargetsInParallel = 1;
				LastSwiftUpdateCheck = 1610;
				LastUpgradeCheck = 1610;
				TargetAttributes = {
					FEF8FDB92EB771EB00BB20F8 = {
						CreatedOnToolsVersion = 16.1;
					};
				};
			};
			buildConfigurationList = FEF8FDB52EB771EB00BB20F8 /* Build configuration list for PBXProject "Tracker" */;
			developmentRegion = en;
			hasScannedForEncodings = 0;
			knownRegions = (
				en,
				Base,
			);
			mainGroup = FEF8FDB12EB771EB00BB20F8;
			minimizedProjectReferenceProxies = 1;
			preferredProjectObjectVersion = 77;
			productRefGroup = FEF8FDBB2EB771EB00BB20F8 /* Products */;
			projectDirPath = "";
			projectRoot = "";
			targets = (
				FEF8FDB92EB771EB00BB20F8 /* Tracker */,
			);
		};
/* End PBXProject section */

/* Begin PBXResourcesBuildPhase section */
		FEF8FDB82EB771EB00BB20F8 /* Resources */ = {
			isa = PBXResourcesBuildPhase;
			buildActionMask = 2147483647;
			files = (
				FE9B04262EC0C67A0054398A /* Assets.xcassets in Resources */,
				FE9B04282EC0C67A0054398A /* LaunchScreen.storyboard in Resources */,
			);
			runOnlyForDeploymentPostprocessing = 0;
		};
/* End PBXResourcesBuildPhase section */

/* Begin PBXSourcesBuildPhase section */
		FEF8FDB62EB771EB00BB20F8 /* Sources */ = {
			isa = PBXSourcesBuildPhase;
			buildActionMask = 2147483647;
			files = (
				FE9B04E92EC48C260054398A /* WeekDay.swift in Sources */,
				FE9B05122ECE11820054398A /* Colors.swift in Sources */,
				FE9B05292ED18C4A0054398A /* IntExtention.swift in Sources */,
				FE9B04EA2EC48C260054398A /* Tracker.swift in Sources */,
				FE9B04EB2EC48C260054398A /* TrackerCategory.swift in Sources */,
				FE9B04EC2EC48C260054398A /* TrackerRecord.swift in Sources */,
				FEF8FDF12EB87ED600BB20F8 /* AppDelegate.swift in Sources */,
				FE9B05932ED93F6A0054398A /* Date.swift in Sources */,
				FEF8FDF22EB87ED600BB20F8 /* SceneDelegate.swift in Sources */,
			);
			runOnlyForDeploymentPostprocessing = 0;
		};
/* End PBXSourcesBuildPhase section */

/* Begin PBXVariantGroup section */
		FE9B041F2EC0C67A0054398A /* LaunchScreen.storyboard */ = {
			isa = PBXVariantGroup;
			children = (
				FE9B041E2EC0C67A0054398A /* Base */,
			);
			name = LaunchScreen.storyboard;
			sourceTree = "<group>";
		};
/* End PBXVariantGroup section */

/* Begin XCBuildConfiguration section */
		FEF8FDCE2EB771EE00BB20F8 /* Debug */ = {
			isa = XCBuildConfiguration;
			buildSettings = {
				ASSETCATALOG_COMPILER_APPICON_NAME = AppIcon;
				ASSETCATALOG_COMPILER_GLOBAL_ACCENT_COLOR_NAME = AccentColor;
				CODE_SIGN_STYLE = Automatic;
				CURRENT_PROJECT_VERSION = 1;
				DEVELOPMENT_TEAM = 4MJ8BPH6PP;
				GENERATE_INFOPLIST_FILE = YES;
				INFOPLIST_FILE = "$(SRCROOT)/Resources/Info.plist";
				INFOPLIST_KEY_UIApplicationSupportsIndirectInputEvents = YES;
				INFOPLIST_KEY_UILaunchStoryboardName = LaunchScreen;
				INFOPLIST_KEY_UISupportedInterfaceOrientations = UIInterfaceOrientationPortrait;
				INFOPLIST_KEY_UISupportedInterfaceOrientations_iPad = "UIInterfaceOrientationLandscapeLeft UIInterfaceOrientationLandscapeRight UIInterfaceOrientationPortrait UIInterfaceOrientationPortraitUpsideDown";
				IPHONEOS_DEPLOYMENT_TARGET = 17.0;
				LD_RUNPATH_SEARCH_PATHS = (
					"$(inherited)",
					"@executable_path/Frameworks",
				);
				MARKETING_VERSION = 1.0;
				PRODUCT_BUNDLE_IDENTIFIER = ru.yandex.practicum2025.Tracker;
				PRODUCT_NAME = "$(TARGET_NAME)";
				SWIFT_EMIT_LOC_STRINGS = YES;
				SWIFT_VERSION = 5.0;
				TARGETED_DEVICE_FAMILY = "1,2";
			};
			name = Debug;
		};
		FEF8FDCF2EB771EE00BB20F8 /* Release */ = {
			isa = XCBuildConfiguration;
			buildSettings = {
				ASSETCATALOG_COMPILER_APPICON_NAME = AppIcon;
				ASSETCATALOG_COMPILER_GLOBAL_ACCENT_COLOR_NAME = AccentColor;
				CODE_SIGN_STYLE = Automatic;
				CURRENT_PROJECT_VERSION = 1;
				DEVELOPMENT_TEAM = 4MJ8BPH6PP;
				GENERATE_INFOPLIST_FILE = YES;
				INFOPLIST_FILE = "$(SRCROOT)/Resources/Info.plist";
				INFOPLIST_KEY_UIApplicationSupportsIndirectInputEvents = YES;
				INFOPLIST_KEY_UILaunchStoryboardName = LaunchScreen;
				INFOPLIST_KEY_UISupportedInterfaceOrientations = UIInterfaceOrientationPortrait;
				INFOPLIST_KEY_UISupportedInterfaceOrientations_iPad = "UIInterfaceOrientationLandscapeLeft UIInterfaceOrientationLandscapeRight UIInterfaceOrientationPortrait UIInterfaceOrientationPortraitUpsideDown";
				IPHONEOS_DEPLOYMENT_TARGET = 17.0;
				LD_RUNPATH_SEARCH_PATHS = (
					"$(inherited)",
					"@executable_path/Frameworks",
				);
				MARKETING_VERSION = 1.0;
				PRODUCT_BUNDLE_IDENTIFIER = ru.yandex.practicum2025.Tracker;
				PRODUCT_NAME = "$(TARGET_NAME)";
				SWIFT_EMIT_LOC_STRINGS = YES;
				SWIFT_VERSION = 5.0;
				TARGETED_DEVICE_FAMILY = "1,2";
			};
			name = Release;
		};
		FEF8FDD02EB771EE00BB20F8 /* Debug */ = {
			isa = XCBuildConfiguration;
			buildSettings = {
				ALWAYS_SEARCH_USER_PATHS = NO;
				ASSETCATALOG_COMPILER_GENERATE_SWIFT_ASSET_SYMBOL_EXTENSIONS = YES;
				CLANG_ANALYZER_NONNULL = YES;
				CLANG_ANALYZER_NUMBER_OBJECT_CONVERSION = YES_AGGRESSIVE;
				CLANG_CXX_LANGUAGE_STANDARD = "gnu++20";
				CLANG_ENABLE_MODULES = YES;
				CLANG_ENABLE_OBJC_ARC = YES;
				CLANG_ENABLE_OBJC_WEAK = YES;
				CLANG_WARN_BLOCK_CAPTURE_AUTORELEASING = YES;
				CLANG_WARN_BOOL_CONVERSION = YES;
				CLANG_WARN_COMMA = YES;
				CLANG_WARN_CONSTANT_CONVERSION = YES;
				CLANG_WARN_DEPRECATED_OBJC_IMPLEMENTATIONS = YES;
				CLANG_WARN_DIRECT_OBJC_ISA_USAGE = YES_ERROR;
				CLANG_WARN_DOCUMENTATION_COMMENTS = YES;
				CLANG_WARN_EMPTY_BODY = YES;
				CLANG_WARN_ENUM_CONVERSION = YES;
				CLANG_WARN_INFINITE_RECURSION = YES;
				CLANG_WARN_INT_CONVERSION = YES;
				CLANG_WARN_NON_LITERAL_NULL_CONVERSION = YES;
				CLANG_WARN_OBJC_IMPLICIT_RETAIN_SELF = YES;
				CLANG_WARN_OBJC_LITERAL_CONVERSION = YES;
				CLANG_WARN_OBJC_ROOT_CLASS = YES_ERROR;
				CLANG_WARN_QUOTED_INCLUDE_IN_FRAMEWORK_HEADER = YES;
				CLANG_WARN_RANGE_LOOP_ANALYSIS = YES;
				CLANG_WARN_STRICT_PROTOTYPES = YES;
				CLANG_WARN_SUSPICIOUS_MOVE = YES;
				CLANG_WARN_UNGUARDED_AVAILABILITY = YES_AGGRESSIVE;
				CLANG_WARN_UNREACHABLE_CODE = YES;
				CLANG_WARN__DUPLICATE_METHOD_MATCH = YES;
				COPY_PHASE_STRIP = NO;
				DEBUG_INFORMATION_FORMAT = dwarf;
				ENABLE_STRICT_OBJC_MSGSEND = YES;
				ENABLE_TESTABILITY = YES;
				ENABLE_USER_SCRIPT_SANDBOXING = YES;
				GCC_C_LANGUAGE_STANDARD = gnu17;
				GCC_DYNAMIC_NO_PIC = NO;
				GCC_NO_COMMON_BLOCKS = YES;
				GCC_OPTIMIZATION_LEVEL = 0;
				GCC_PREPROCESSOR_DEFINITIONS = (
					"DEBUG=1",
					"$(inherited)",
				);
				GCC_WARN_64_TO_32_BIT_CONVERSION = YES;
				GCC_WARN_ABOUT_RETURN_TYPE = YES_ERROR;
				GCC_WARN_UNDECLARED_SELECTOR = YES;
				GCC_WARN_UNINITIALIZED_AUTOS = YES_AGGRESSIVE;
				GCC_WARN_UNUSED_FUNCTION = YES;
				GCC_WARN_UNUSED_VARIABLE = YES;
				IPHONEOS_DEPLOYMENT_TARGET = 18.1;
				LOCALIZATION_PREFERS_STRING_CATALOGS = YES;
				MTL_ENABLE_DEBUG_INFO = INCLUDE_SOURCE;
				MTL_FAST_MATH = YES;
				ONLY_ACTIVE_ARCH = YES;
				SDKROOT = iphoneos;
				SWIFT_ACTIVE_COMPILATION_CONDITIONS = "DEBUG $(inherited)";
				SWIFT_OPTIMIZATION_LEVEL = "-Onone";
			};
			name = Debug;
		};
		FEF8FDD12EB771EE00BB20F8 /* Release */ = {
			isa = XCBuildConfiguration;
			buildSettings = {
				ALWAYS_SEARCH_USER_PATHS = NO;
				ASSETCATALOG_COMPILER_GENERATE_SWIFT_ASSET_SYMBOL_EXTENSIONS = YES;
				CLANG_ANALYZER_NONNULL = YES;
				CLANG_ANALYZER_NUMBER_OBJECT_CONVERSION = YES_AGGRESSIVE;
				CLANG_CXX_LANGUAGE_STANDARD = "gnu++20";
				CLANG_ENABLE_MODULES = YES;
				CLANG_ENABLE_OBJC_ARC = YES;
				CLANG_ENABLE_OBJC_WEAK = YES;
				CLANG_WARN_BLOCK_CAPTURE_AUTORELEASING = YES;
				CLANG_WARN_BOOL_CONVERSION = YES;
				CLANG_WARN_COMMA = YES;
				CLANG_WARN_CONSTANT_CONVERSION = YES;
				CLANG_WARN_DEPRECATED_OBJC_IMPLEMENTATIONS = YES;
				CLANG_WARN_DIRECT_OBJC_ISA_USAGE = YES_ERROR;
				CLANG_WARN_DOCUMENTATION_COMMENTS = YES;
				CLANG_WARN_EMPTY_BODY = YES;
				CLANG_WARN_ENUM_CONVERSION = YES;
				CLANG_WARN_INFINITE_RECURSION = YES;
				CLANG_WARN_INT_CONVERSION = YES;
				CLANG_WARN_NON_LITERAL_NULL_CONVERSION = YES;
				CLANG_WARN_OBJC_IMPLICIT_RETAIN_SELF = YES;
				CLANG_WARN_OBJC_LITERAL_CONVERSION = YES;
				CLANG_WARN_OBJC_ROOT_CLASS = YES_ERROR;
				CLANG_WARN_QUOTED_INCLUDE_IN_FRAMEWORK_HEADER = YES;
				CLANG_WARN_RANGE_LOOP_ANALYSIS = YES;
				CLANG_WARN_STRICT_PROTOTYPES = YES;
				CLANG_WARN_SUSPICIOUS_MOVE = YES;
				CLANG_WARN_UNGUARDED_AVAILABILITY = YES_AGGRESSIVE;
				CLANG_WARN_UNREACHABLE_CODE = YES;
				CLANG_WARN__DUPLICATE_METHOD_MATCH = YES;
				COPY_PHASE_STRIP = NO;
				DEBUG_INFORMATION_FORMAT = "dwarf-with-dsym";
				ENABLE_NS_ASSERTIONS = NO;
				ENABLE_STRICT_OBJC_MSGSEND = YES;
				ENABLE_USER_SCRIPT_SANDBOXING = YES;
				GCC_C_LANGUAGE_STANDARD = gnu17;
				GCC_NO_COMMON_BLOCKS = YES;
				GCC_WARN_64_TO_32_BIT_CONVERSION = YES;
				GCC_WARN_ABOUT_RETURN_TYPE = YES_ERROR;
				GCC_WARN_UNDECLARED_SELECTOR = YES;
				GCC_WARN_UNINITIALIZED_AUTOS = YES_AGGRESSIVE;
				GCC_WARN_UNUSED_FUNCTION = YES;
				GCC_WARN_UNUSED_VARIABLE = YES;
				IPHONEOS_DEPLOYMENT_TARGET = 18.1;
				LOCALIZATION_PREFERS_STRING_CATALOGS = YES;
				MTL_ENABLE_DEBUG_INFO = NO;
				MTL_FAST_MATH = YES;
				SDKROOT = iphoneos;
				SWIFT_COMPILATION_MODE = wholemodule;
				VALIDATE_PRODUCT = YES;
			};
			name = Release;
		};
/* End XCBuildConfiguration section */

/* Begin XCConfigurationList section */
		FEF8FDB52EB771EB00BB20F8 /* Build configuration list for PBXProject "Tracker" */ = {
			isa = XCConfigurationList;
			buildConfigurations = (
				FEF8FDD02EB771EE00BB20F8 /* Debug */,
				FEF8FDD12EB771EE00BB20F8 /* Release */,
			);
			defaultConfigurationIsVisible = 0;
			defaultConfigurationName = Release;
		};
		FEF8FDCD2EB771EE00BB20F8 /* Build configuration list for PBXNativeTarget "Tracker" */ = {
			isa = XCConfigurationList;
			buildConfigurations = (
				FEF8FDCE2EB771EE00BB20F8 /* Debug */,
				FEF8FDCF2EB771EE00BB20F8 /* Release */,
			);
			defaultConfigurationIsVisible = 0;
			defaultConfigurationName = Release;
		};
/* End XCConfigurationList section */
	};
	rootObject = FEF8FDB22EB771EB00BB20F8 /* Project object */;
}
